
Microsoft Visual Studio Solution File, Format Version 12.00
# Visual Studio Version 17
VisualStudioVersion = 17.0.31903.59
MinimumVisualStudioVersion = 10.0.40219.1
Project("{2150E333-8FDC-42A3-9474-1A3956D46DE8}") = "Solution Items", "Solution Items", "{45B1475F-F493-446B-A2DD-AE950C79C12A}"
	ProjectSection(SolutionItems) = preProject
		.editorconfig = .editorconfig
		Directory.Build.props = Directory.Build.props
		src\Directory.Build.props = src\Directory.Build.props
		Directory.Packages.props = Directory.Packages.props
	EndProjectSection
EndProject
Project("{2150E333-8FDC-42A3-9474-1A3956D46DE8}") = "src", "src", "{D5CFFE87-4987-400E-ACDD-59F70B837F96}"
EndProject
Project("{FAE04EC0-301F-11D3-BF4B-00C04F79EFBC}") = "Queries", "src\Queries\Queries.csproj", "{E9F9EC12-165B-4CCE-967D-0F34104CF550}"
EndProject
Project("{FAE04EC0-301F-11D3-BF4B-00C04F79EFBC}") = "Abstractions", "src\Abstractions\Abstractions.csproj", "{A5C9DDE7-D0F5-4827-99C8-0723810E7B88}"
EndProject
Project("{FAE04EC0-301F-11D3-BF4B-00C04F79EFBC}") = "Implementation", "src\Implementation\Implementation.csproj", "{15032483-3B9F-4405-A782-A19DD88B3630}"
EndProject
Project("{2150E333-8FDC-42A3-9474-1A3956D46DE8}") = "tests", "tests", "{B78B337C-12A5-459D-8C80-EEAC019D3C19}"
EndProject
Project("{2150E333-8FDC-42A3-9474-1A3956D46DE8}") = "unit", "unit", "{7C694FD9-6C2B-44C8-9B94-7605416F585E}"
EndProject
Project("{2150E333-8FDC-42A3-9474-1A3956D46DE8}") = "Implementation", "Implementation", "{57E5E15A-CCD1-41FB-9E1A-25E082494394}"
EndProject
Project("{FAE04EC0-301F-11D3-BF4B-00C04F79EFBC}") = "GetParameterRepresentationQueryFactory", "tests\unit\Implementation\GetParameterRepresentationQueryFactory\GetParameterRepresentationQueryFactory.csproj", "{B194B721-082C-4824-9DC1-9E20E4391684}"
EndProject
Global
	GlobalSection(SolutionConfigurationPlatforms) = preSolution
		Debug|Any CPU = Debug|Any CPU
		Release|Any CPU = Release|Any CPU
	EndGlobalSection
	GlobalSection(ProjectConfigurationPlatforms) = postSolution
		{E9F9EC12-165B-4CCE-967D-0F34104CF550}.Debug|Any CPU.ActiveCfg = Debug|Any CPU
		{E9F9EC12-165B-4CCE-967D-0F34104CF550}.Debug|Any CPU.Build.0 = Debug|Any CPU
		{E9F9EC12-165B-4CCE-967D-0F34104CF550}.Release|Any CPU.ActiveCfg = Release|Any CPU
		{E9F9EC12-165B-4CCE-967D-0F34104CF550}.Release|Any CPU.Build.0 = Release|Any CPU
		{A5C9DDE7-D0F5-4827-99C8-0723810E7B88}.Debug|Any CPU.ActiveCfg = Debug|Any CPU
		{A5C9DDE7-D0F5-4827-99C8-0723810E7B88}.Debug|Any CPU.Build.0 = Debug|Any CPU
		{A5C9DDE7-D0F5-4827-99C8-0723810E7B88}.Release|Any CPU.ActiveCfg = Release|Any CPU
		{A5C9DDE7-D0F5-4827-99C8-0723810E7B88}.Release|Any CPU.Build.0 = Release|Any CPU
		{15032483-3B9F-4405-A782-A19DD88B3630}.Debug|Any CPU.ActiveCfg = Debug|Any CPU
		{15032483-3B9F-4405-A782-A19DD88B3630}.Debug|Any CPU.Build.0 = Debug|Any CPU
		{15032483-3B9F-4405-A782-A19DD88B3630}.Release|Any CPU.ActiveCfg = Release|Any CPU
		{15032483-3B9F-4405-A782-A19DD88B3630}.Release|Any CPU.Build.0 = Release|Any CPU
		{B194B721-082C-4824-9DC1-9E20E4391684}.Debug|Any CPU.ActiveCfg = Debug|Any CPU
		{B194B721-082C-4824-9DC1-9E20E4391684}.Debug|Any CPU.Build.0 = Debug|Any CPU
		{B194B721-082C-4824-9DC1-9E20E4391684}.Release|Any CPU.ActiveCfg = Release|Any CPU
		{B194B721-082C-4824-9DC1-9E20E4391684}.Release|Any CPU.Build.0 = Release|Any CPU
	EndGlobalSection
	GlobalSection(SolutionProperties) = preSolution
		HideSolutionNode = FALSE
	EndGlobalSection
	GlobalSection(NestedProjects) = preSolution
		{E9F9EC12-165B-4CCE-967D-0F34104CF550} = {D5CFFE87-4987-400E-ACDD-59F70B837F96}
		{A5C9DDE7-D0F5-4827-99C8-0723810E7B88} = {D5CFFE87-4987-400E-ACDD-59F70B837F96}
		{15032483-3B9F-4405-A782-A19DD88B3630} = {D5CFFE87-4987-400E-ACDD-59F70B837F96}
		{7C694FD9-6C2B-44C8-9B94-7605416F585E} = {B78B337C-12A5-459D-8C80-EEAC019D3C19}
		{57E5E15A-CCD1-41FB-9E1A-25E082494394} = {7C694FD9-6C2B-44C8-9B94-7605416F585E}
		{B194B721-082C-4824-9DC1-9E20E4391684} = {57E5E15A-CCD1-41FB-9E1A-25E082494394}
	EndGlobalSection
	GlobalSection(ExtensibilityGlobals) = postSolution
		SolutionGuid = {94AEE35B-6B36-4883-A0BB-4D61A544AA4D}
	EndGlobalSection
EndGlobal
