
Microsoft Visual Studio Solution File, Format Version 12.00
# Visual Studio Version 17
VisualStudioVersion = 17.0.31903.59
MinimumVisualStudioVersion = 10.0.40219.1
Project("{2150E333-8FDC-42A3-9474-1A3956D46DE8}") = "Solution Items", "Solution Items", "{45B1475F-F493-446B-A2DD-AE950C79C12A}"
	ProjectSection(SolutionItems) = preProject
		.editorconfig = .editorconfig
		Directory.Build.props = Directory.Build.props
		src\Directory.Build.props = src\Directory.Build.props
		Directory.Packages.props = Directory.Packages.props
	EndProjectSection
EndProject
Project("{2150E333-8FDC-42A3-9474-1A3956D46DE8}") = "src", "src", "{D5CFFE87-4987-400E-ACDD-59F70B837F96}"
EndProject
Project("{FAE04EC0-301F-11D3-BF4B-00C04F79EFBC}") = "Queries", "src\Queries\Queries.csproj", "{BB57F2C3-A978-4225-A071-69D66620EACD}"
EndProject
Global
	GlobalSection(SolutionConfigurationPlatforms) = preSolution
		Debug|Any CPU = Debug|Any CPU
		Release|Any CPU = Release|Any CPU
	EndGlobalSection
	GlobalSection(ProjectConfigurationPlatforms) = postSolution
		{BB57F2C3-A978-4225-A071-69D66620EACD}.Debug|Any CPU.ActiveCfg = Debug|Any CPU
		{BB57F2C3-A978-4225-A071-69D66620EACD}.Debug|Any CPU.Build.0 = Debug|Any CPU
		{BB57F2C3-A978-4225-A071-69D66620EACD}.Release|Any CPU.ActiveCfg = Release|Any CPU
		{BB57F2C3-A978-4225-A071-69D66620EACD}.Release|Any CPU.Build.0 = Release|Any CPU
	EndGlobalSection
	GlobalSection(SolutionProperties) = preSolution
		HideSolutionNode = FALSE
	EndGlobalSection
	GlobalSection(ExtensibilityGlobals) = postSolution
		SolutionGuid = {94AEE35B-6B36-4883-A0BB-4D61A544AA4D}
	EndGlobalSection
	GlobalSection(NestedProjects) = preSolution
		{BB57F2C3-A978-4225-A071-69D66620EACD} = {D5CFFE87-4987-400E-ACDD-59F70B837F96}
	EndGlobalSection
EndGlobal
