
Microsoft Visual Studio Solution File, Format Version 12.00
# Visual Studio Version 17
VisualStudioVersion = 17.0.31903.59
MinimumVisualStudioVersion = 10.0.40219.1
Project("{2150E333-8FDC-42A3-9474-1A3956D46DE8}") = "Solution Items", "Solution Items", "{45B1475F-F493-446B-A2DD-AE950C79C12A}"
	ProjectSection(SolutionItems) = preProject
		.editorconfig = .editorconfig
		Directory.Build.props = Directory.Build.props
		src\Directory.Build.props = src\Directory.Build.props
		Directory.Packages.props = Directory.Packages.props
	EndProjectSection
EndProject
Project("{9A19103F-16F7-4668-BE54-9A1E7A4F7556}") = "Paraminter.Parameters.Representations.Abstractions", "src\Paraminter.Parameters.Representations.Abstractions\Paraminter.Parameters.Representations.Abstractions.csproj", "{6BB47867-9DD1-4A0E-96F7-18146341E459}"
EndProject
Global
	GlobalSection(SolutionConfigurationPlatforms) = preSolution
		Debug|Any CPU = Debug|Any CPU
		Release|Any CPU = Release|Any CPU
	EndGlobalSection
	GlobalSection(ProjectConfigurationPlatforms) = postSolution
		{6BB47867-9DD1-4A0E-96F7-18146341E459}.Debug|Any CPU.ActiveCfg = Debug|Any CPU
		{6BB47867-9DD1-4A0E-96F7-18146341E459}.Debug|Any CPU.Build.0 = Debug|Any CPU
		{6BB47867-9DD1-4A0E-96F7-18146341E459}.Release|Any CPU.ActiveCfg = Release|Any CPU
		{6BB47867-9DD1-4A0E-96F7-18146341E459}.Release|Any CPU.Build.0 = Release|Any CPU
	EndGlobalSection
	GlobalSection(SolutionProperties) = preSolution
		HideSolutionNode = FALSE
	EndGlobalSection
	GlobalSection(ExtensibilityGlobals) = postSolution
		SolutionGuid = {94AEE35B-6B36-4883-A0BB-4D61A544AA4D}
	EndGlobalSection
EndGlobal
